// !$*UTF8*$!
{
	archiveVersion = 1;
	classes = {
	};
	objectVersion = 55;
	objects = {

/* Begin PBXBuildFile section */
		082654FE283BB0E50044F61D /* AppDelegate.swift in Sources */ = {isa = PBXBuildFile; fileRef = 082654FD283BB0E50044F61D /* AppDelegate.swift */; };
		08265500283BB0E50044F61D /* SceneDelegate.swift in Sources */ = {isa = PBXBuildFile; fileRef = 082654FF283BB0E50044F61D /* SceneDelegate.swift */; };
		08265502283BB0E50044F61D /* TasksViewController.swift in Sources */ = {isa = PBXBuildFile; fileRef = 08265501283BB0E50044F61D /* TasksViewController.swift */; };
		08265505283BB0E50044F61D /* Main.storyboard in Resources */ = {isa = PBXBuildFile; fileRef = 08265503283BB0E50044F61D /* Main.storyboard */; };
		08265508283BB0E50044F61D /* To_Do.xcdatamodeld in Sources */ = {isa = PBXBuildFile; fileRef = 08265506283BB0E50044F61D /* To_Do.xcdatamodeld */; };
		0826550A283BB0E60044F61D /* Assets.xcassets in Resources */ = {isa = PBXBuildFile; fileRef = 08265509283BB0E60044F61D /* Assets.xcassets */; };
		0826550D283BB0E60044F61D /* LaunchScreen.storyboard in Resources */ = {isa = PBXBuildFile; fileRef = 0826550B283BB0E60044F61D /* LaunchScreen.storyboard */; };
		08265516283BB4090044F61D /* TaskViewCell.swift in Sources */ = {isa = PBXBuildFile; fileRef = 08265514283BB4090044F61D /* TaskViewCell.swift */; };
		08265517283BB4090044F61D /* TaskViewCell.xib in Resources */ = {isa = PBXBuildFile; fileRef = 08265515283BB4090044F61D /* TaskViewCell.xib */; };
		0826551A283BB6CB0044F61D /* Constants.swift in Sources */ = {isa = PBXBuildFile; fileRef = 08265519283BB6CB0044F61D /* Constants.swift */; };
		082C8D04283E2DC0004315E1 /* MessageAlert.swift in Sources */ = {isa = PBXBuildFile; fileRef = 082C8D03283E2DC0004315E1 /* MessageAlert.swift */; };
		082C8D06283E3629004315E1 /* DatabaseManagement.swift in Sources */ = {isa = PBXBuildFile; fileRef = 082C8D05283E3629004315E1 /* DatabaseManagement.swift */; };
		0847C36C283BFA8700DA513A /* CreateNewTaskViewController.swift in Sources */ = {isa = PBXBuildFile; fileRef = 0847C36B283BFA8700DA513A /* CreateNewTaskViewController.swift */; };
/* End PBXBuildFile section */

/* Begin PBXFileReference section */
		082654FA283BB0E50044F61D /* To-Do.app */ = {isa = PBXFileReference; explicitFileType = wrapper.application; includeInIndex = 0; path = "To-Do.app"; sourceTree = BUILT_PRODUCTS_DIR; };
		082654FD283BB0E50044F61D /* AppDelegate.swift */ = {isa = PBXFileReference; lastKnownFileType = sourcecode.swift; path = AppDelegate.swift; sourceTree = "<group>"; };
		082654FF283BB0E50044F61D /* SceneDelegate.swift */ = {isa = PBXFileReference; lastKnownFileType = sourcecode.swift; path = SceneDelegate.swift; sourceTree = "<group>"; };
		08265501283BB0E50044F61D /* TasksViewController.swift */ = {isa = PBXFileReference; lastKnownFileType = sourcecode.swift; path = TasksViewController.swift; sourceTree = "<group>"; };
		08265504283BB0E50044F61D /* Base */ = {isa = PBXFileReference; lastKnownFileType = file.storyboard; name = Base; path = Base.lproj/Main.storyboard; sourceTree = "<group>"; };
		08265507283BB0E50044F61D /* To_Do.xcdatamodel */ = {isa = PBXFileReference; lastKnownFileType = wrapper.xcdatamodel; path = To_Do.xcdatamodel; sourceTree = "<group>"; };
		08265509283BB0E60044F61D /* Assets.xcassets */ = {isa = PBXFileReference; lastKnownFileType = folder.assetcatalog; path = Assets.xcassets; sourceTree = "<group>"; };
		0826550C283BB0E60044F61D /* Base */ = {isa = PBXFileReference; lastKnownFileType = file.storyboard; name = Base; path = Base.lproj/LaunchScreen.storyboard; sourceTree = "<group>"; };
		0826550E283BB0E60044F61D /* Info.plist */ = {isa = PBXFileReference; lastKnownFileType = text.plist.xml; path = Info.plist; sourceTree = "<group>"; };
		08265514283BB4090044F61D /* TaskViewCell.swift */ = {isa = PBXFileReference; lastKnownFileType = sourcecode.swift; path = TaskViewCell.swift; sourceTree = "<group>"; };
		08265515283BB4090044F61D /* TaskViewCell.xib */ = {isa = PBXFileReference; lastKnownFileType = file.xib; path = TaskViewCell.xib; sourceTree = "<group>"; };
		08265519283BB6CB0044F61D /* Constants.swift */ = {isa = PBXFileReference; lastKnownFileType = sourcecode.swift; path = Constants.swift; sourceTree = "<group>"; };
		082C8D03283E2DC0004315E1 /* MessageAlert.swift */ = {isa = PBXFileReference; lastKnownFileType = sourcecode.swift; path = MessageAlert.swift; sourceTree = "<group>"; };
		082C8D05283E3629004315E1 /* DatabaseManagement.swift */ = {isa = PBXFileReference; lastKnownFileType = sourcecode.swift; path = DatabaseManagement.swift; sourceTree = "<group>"; };
		0847C36B283BFA8700DA513A /* CreateNewTaskViewController.swift */ = {isa = PBXFileReference; lastKnownFileType = sourcecode.swift; path = CreateNewTaskViewController.swift; sourceTree = "<group>"; };
/* End PBXFileReference section */

/* Begin PBXFrameworksBuildPhase section */
		082654F7283BB0E50044F61D /* Frameworks */ = {
			isa = PBXFrameworksBuildPhase;
			buildActionMask = 2147483647;
			files = (
			);
			runOnlyForDeploymentPostprocessing = 0;
		};
/* End PBXFrameworksBuildPhase section */

/* Begin PBXGroup section */
		082654F1283BB0E50044F61D = {
			isa = PBXGroup;
			children = (
				082654FC283BB0E50044F61D /* To-Do */,
				082654FB283BB0E50044F61D /* Products */,
			);
			sourceTree = "<group>";
		};
		082654FB283BB0E50044F61D /* Products */ = {
			isa = PBXGroup;
			children = (
				082654FA283BB0E50044F61D /* To-Do.app */,
			);
			name = Products;
			sourceTree = "<group>";
		};
		082654FC283BB0E50044F61D /* To-Do */ = {
			isa = PBXGroup;
			children = (
				082C8D08283F7B50004315E1 /* View */,
				082C8D07283F7B2F004315E1 /* ViewController */,
				0847C36D283C099F00DA513A /* Model */,
				08265518283BB4120044F61D /* TaskViewCell */,
				082654FD283BB0E50044F61D /* AppDelegate.swift */,
				082654FF283BB0E50044F61D /* SceneDelegate.swift */,
				08265519283BB6CB0044F61D /* Constants.swift */,
				08265509283BB0E60044F61D /* Assets.xcassets */,
				0826550E283BB0E60044F61D /* Info.plist */,
				08265506283BB0E50044F61D /* To_Do.xcdatamodeld */,
			);
			path = "To-Do";
			sourceTree = "<group>";
		};
		08265518283BB4120044F61D /* TaskViewCell */ = {
			isa = PBXGroup;
			children = (
				08265514283BB4090044F61D /* TaskViewCell.swift */,
				08265515283BB4090044F61D /* TaskViewCell.xib */,
			);
			path = TaskViewCell;
			sourceTree = "<group>";
		};
		082C8D07283F7B2F004315E1 /* ViewController */ = {
			isa = PBXGroup;
			children = (
				08265501283BB0E50044F61D /* TasksViewController.swift */,
				0847C36B283BFA8700DA513A /* CreateNewTaskViewController.swift */,
			);
			path = ViewController;
			sourceTree = "<group>";
		};
		082C8D08283F7B50004315E1 /* View */ = {
			isa = PBXGroup;
			children = (
				08265503283BB0E50044F61D /* Main.storyboard */,
				0826550B283BB0E60044F61D /* LaunchScreen.storyboard */,
			);
			path = View;
			sourceTree = "<group>";
		};
		0847C36D283C099F00DA513A /* Model */ = {
			isa = PBXGroup;
			children = (
				082C8D03283E2DC0004315E1 /* MessageAlert.swift */,
				082C8D05283E3629004315E1 /* DatabaseManagement.swift */,
			);
			path = Model;
			sourceTree = "<group>";
		};
/* End PBXGroup section */

/* Begin PBXNativeTarget section */
		082654F9283BB0E50044F61D /* To-Do */ = {
			isa = PBXNativeTarget;
			buildConfigurationList = 08265511283BB0E60044F61D /* Build configuration list for PBXNativeTarget "To-Do" */;
			buildPhases = (
				082654F6283BB0E50044F61D /* Sources */,
				082654F7283BB0E50044F61D /* Frameworks */,
				082654F8283BB0E50044F61D /* Resources */,
			);
			buildRules = (
			);
			dependencies = (
			);
			name = "To-Do";
			productName = "To-Do";
			productReference = 082654FA283BB0E50044F61D /* To-Do.app */;
			productType = "com.apple.product-type.application";
		};
/* End PBXNativeTarget section */

/* Begin PBXProject section */
		082654F2283BB0E50044F61D /* Project object */ = {
			isa = PBXProject;
			attributes = {
				BuildIndependentTargetsInParallel = 1;
				LastSwiftUpdateCheck = 1340;
				LastUpgradeCheck = 1340;
				TargetAttributes = {
					082654F9283BB0E50044F61D = {
						CreatedOnToolsVersion = 13.4;
					};
				};
			};
			buildConfigurationList = 082654F5283BB0E50044F61D /* Build configuration list for PBXProject "To-Do" */;
			compatibilityVersion = "Xcode 13.0";
			developmentRegion = en;
			hasScannedForEncodings = 0;
			knownRegions = (
				en,
				Base,
			);
			mainGroup = 082654F1283BB0E50044F61D;
			productRefGroup = 082654FB283BB0E50044F61D /* Products */;
			projectDirPath = "";
			projectRoot = "";
			targets = (
				082654F9283BB0E50044F61D /* To-Do */,
			);
		};
/* End PBXProject section */

/* Begin PBXResourcesBuildPhase section */
		082654F8283BB0E50044F61D /* Resources */ = {
			isa = PBXResourcesBuildPhase;
			buildActionMask = 2147483647;
			files = (
				0826550D283BB0E60044F61D /* LaunchScreen.storyboard in Resources */,
				0826550A283BB0E60044F61D /* Assets.xcassets in Resources */,
				08265505283BB0E50044F61D /* Main.storyboard in Resources */,
				08265517283BB4090044F61D /* TaskViewCell.xib in Resources */,
			);
			runOnlyForDeploymentPostprocessing = 0;
		};
/* End PBXResourcesBuildPhase section */

/* Begin PBXSourcesBuildPhase section */
		082654F6283BB0E50044F61D /* Sources */ = {
			isa = PBXSourcesBuildPhase;
			buildActionMask = 2147483647;
			files = (
				082C8D04283E2DC0004315E1 /* MessageAlert.swift in Sources */,
				08265502283BB0E50044F61D /* TasksViewController.swift in Sources */,
				082654FE283BB0E50044F61D /* AppDelegate.swift in Sources */,
				0847C36C283BFA8700DA513A /* CreateNewTaskViewController.swift in Sources */,
				08265516283BB4090044F61D /* TaskViewCell.swift in Sources */,
				08265500283BB0E50044F61D /* SceneDelegate.swift in Sources */,
				08265508283BB0E50044F61D /* To_Do.xcdatamodeld in Sources */,
				082C8D06283E3629004315E1 /* DatabaseManagement.swift in Sources */,
				0826551A283BB6CB0044F61D /* Constants.swift in Sources */,
			);
			runOnlyForDeploymentPostprocessing = 0;
		};
/* End PBXSourcesBuildPhase section */

/* Begin PBXVariantGroup section */
		08265503283BB0E50044F61D /* Main.storyboard */ = {
			isa = PBXVariantGroup;
			children = (
				08265504283BB0E50044F61D /* Base */,
			);
			name = Main.storyboard;
			sourceTree = "<group>";
		};
		0826550B283BB0E60044F61D /* LaunchScreen.storyboard */ = {
			isa = PBXVariantGroup;
			children = (
				0826550C283BB0E60044F61D /* Base */,
			);
			name = LaunchScreen.storyboard;
			sourceTree = "<group>";
		};
/* End PBXVariantGroup section */

/* Begin XCBuildConfiguration section */
		0826550F283BB0E60044F61D /* Debug */ = {
			isa = XCBuildConfiguration;
			buildSettings = {
				ALWAYS_SEARCH_USER_PATHS = NO;
				CLANG_ANALYZER_NONNULL = YES;
				CLANG_ANALYZER_NUMBER_OBJECT_CONVERSION = YES_AGGRESSIVE;
				CLANG_CXX_LANGUAGE_STANDARD = "gnu++17";
				CLANG_ENABLE_MODULES = YES;
				CLANG_ENABLE_OBJC_ARC = YES;
				CLANG_ENABLE_OBJC_WEAK = YES;
				CLANG_WARN_BLOCK_CAPTURE_AUTORELEASING = YES;
				CLANG_WARN_BOOL_CONVERSION = YES;
				CLANG_WARN_COMMA = YES;
				CLANG_WARN_CONSTANT_CONVERSION = YES;
				CLANG_WARN_DEPRECATED_OBJC_IMPLEMENTATIONS = YES;
				CLANG_WARN_DIRECT_OBJC_ISA_USAGE = YES_ERROR;
				CLANG_WARN_DOCUMENTATION_COMMENTS = YES;
				CLANG_WARN_EMPTY_BODY = YES;
				CLANG_WARN_ENUM_CONVERSION = YES;
				CLANG_WARN_INFINITE_RECURSION = YES;
				CLANG_WARN_INT_CONVERSION = YES;
				CLANG_WARN_NON_LITERAL_NULL_CONVERSION = YES;
				CLANG_WARN_OBJC_IMPLICIT_RETAIN_SELF = YES;
				CLANG_WARN_OBJC_LITERAL_CONVERSION = YES;
				CLANG_WARN_OBJC_ROOT_CLASS = YES_ERROR;
				CLANG_WARN_QUOTED_INCLUDE_IN_FRAMEWORK_HEADER = YES;
				CLANG_WARN_RANGE_LOOP_ANALYSIS = YES;
				CLANG_WARN_STRICT_PROTOTYPES = YES;
				CLANG_WARN_SUSPICIOUS_MOVE = YES;
				CLANG_WARN_UNGUARDED_AVAILABILITY = YES_AGGRESSIVE;
				CLANG_WARN_UNREACHABLE_CODE = YES;
				CLANG_WARN__DUPLICATE_METHOD_MATCH = YES;
				COPY_PHASE_STRIP = NO;
				DEBUG_INFORMATION_FORMAT = dwarf;
				ENABLE_STRICT_OBJC_MSGSEND = YES;
				ENABLE_TESTABILITY = YES;
				GCC_C_LANGUAGE_STANDARD = gnu11;
				GCC_DYNAMIC_NO_PIC = NO;
				GCC_NO_COMMON_BLOCKS = YES;
				GCC_OPTIMIZATION_LEVEL = 0;
				GCC_PREPROCESSOR_DEFINITIONS = (
					"DEBUG=1",
					"$(inherited)",
				);
				GCC_WARN_64_TO_32_BIT_CONVERSION = YES;
				GCC_WARN_ABOUT_RETURN_TYPE = YES_ERROR;
				GCC_WARN_UNDECLARED_SELECTOR = YES;
				GCC_WARN_UNINITIALIZED_AUTOS = YES_AGGRESSIVE;
				GCC_WARN_UNUSED_FUNCTION = YES;
				GCC_WARN_UNUSED_VARIABLE = YES;
				IPHONEOS_DEPLOYMENT_TARGET = 15.5;
				MTL_ENABLE_DEBUG_INFO = INCLUDE_SOURCE;
				MTL_FAST_MATH = YES;
				ONLY_ACTIVE_ARCH = YES;
				SDKROOT = iphoneos;
				SWIFT_ACTIVE_COMPILATION_CONDITIONS = DEBUG;
				SWIFT_OPTIMIZATION_LEVEL = "-Onone";
			};
			name = Debug;
		};
		08265510283BB0E60044F61D /* Release */ = {
			isa = XCBuildConfiguration;
			buildSettings = {
				ALWAYS_SEARCH_USER_PATHS = NO;
				CLANG_ANALYZER_NONNULL = YES;
				CLANG_ANALYZER_NUMBER_OBJECT_CONVERSION = YES_AGGRESSIVE;
				CLANG_CXX_LANGUAGE_STANDARD = "gnu++17";
				CLANG_ENABLE_MODULES = YES;
				CLANG_ENABLE_OBJC_ARC = YES;
				CLANG_ENABLE_OBJC_WEAK = YES;
				CLANG_WARN_BLOCK_CAPTURE_AUTORELEASING = YES;
				CLANG_WARN_BOOL_CONVERSION = YES;
				CLANG_WARN_COMMA = YES;
				CLANG_WARN_CONSTANT_CONVERSION = YES;
				CLANG_WARN_DEPRECATED_OBJC_IMPLEMENTATIONS = YES;
				CLANG_WARN_DIRECT_OBJC_ISA_USAGE = YES_ERROR;
				CLANG_WARN_DOCUMENTATION_COMMENTS = YES;
				CLANG_WARN_EMPTY_BODY = YES;
				CLANG_WARN_ENUM_CONVERSION = YES;
				CLANG_WARN_INFINITE_RECURSION = YES;
				CLANG_WARN_INT_CONVERSION = YES;
				CLANG_WARN_NON_LITERAL_NULL_CONVERSION = YES;
				CLANG_WARN_OBJC_IMPLICIT_RETAIN_SELF = YES;
				CLANG_WARN_OBJC_LITERAL_CONVERSION = YES;
				CLANG_WARN_OBJC_ROOT_CLASS = YES_ERROR;
				CLANG_WARN_QUOTED_INCLUDE_IN_FRAMEWORK_HEADER = YES;
				CLANG_WARN_RANGE_LOOP_ANALYSIS = YES;
				CLANG_WARN_STRICT_PROTOTYPES = YES;
				CLANG_WARN_SUSPICIOUS_MOVE = YES;
				CLANG_WARN_UNGUARDED_AVAILABILITY = YES_AGGRESSIVE;
				CLANG_WARN_UNREACHABLE_CODE = YES;
				CLANG_WARN__DUPLICATE_METHOD_MATCH = YES;
				COPY_PHASE_STRIP = NO;
				DEBUG_INFORMATION_FORMAT = "dwarf-with-dsym";
				ENABLE_NS_ASSERTIONS = NO;
				ENABLE_STRICT_OBJC_MSGSEND = YES;
				GCC_C_LANGUAGE_STANDARD = gnu11;
				GCC_NO_COMMON_BLOCKS = YES;
				GCC_WARN_64_TO_32_BIT_CONVERSION = YES;
				GCC_WARN_ABOUT_RETURN_TYPE = YES_ERROR;
				GCC_WARN_UNDECLARED_SELECTOR = YES;
				GCC_WARN_UNINITIALIZED_AUTOS = YES_AGGRESSIVE;
				GCC_WARN_UNUSED_FUNCTION = YES;
				GCC_WARN_UNUSED_VARIABLE = YES;
				IPHONEOS_DEPLOYMENT_TARGET = 15.5;
				MTL_ENABLE_DEBUG_INFO = NO;
				MTL_FAST_MATH = YES;
				SDKROOT = iphoneos;
				SWIFT_COMPILATION_MODE = wholemodule;
				SWIFT_OPTIMIZATION_LEVEL = "-O";
				VALIDATE_PRODUCT = YES;
			};
			name = Release;
		};
		08265512283BB0E60044F61D /* Debug */ = {
			isa = XCBuildConfiguration;
			buildSettings = {
				ASSETCATALOG_COMPILER_APPICON_NAME = AppIcon;
				ASSETCATALOG_COMPILER_GLOBAL_ACCENT_COLOR_NAME = AccentColor;
				CODE_SIGN_STYLE = Automatic;
				CURRENT_PROJECT_VERSION = 1;
				DEVELOPMENT_TEAM = BN8865DEPV;
				GENERATE_INFOPLIST_FILE = YES;
				INFOPLIST_FILE = "To-Do/Info.plist";
				INFOPLIST_KEY_UIApplicationSupportsIndirectInputEvents = YES;
				INFOPLIST_KEY_UILaunchStoryboardName = LaunchScreen;
				INFOPLIST_KEY_UIMainStoryboardFile = Main;
				INFOPLIST_KEY_UISupportedInterfaceOrientations_iPad = "UIInterfaceOrientationPortrait UIInterfaceOrientationPortraitUpsideDown UIInterfaceOrientationLandscapeLeft UIInterfaceOrientationLandscapeRight";
				INFOPLIST_KEY_UISupportedInterfaceOrientations_iPhone = "UIInterfaceOrientationPortrait UIInterfaceOrientationLandscapeLeft UIInterfaceOrientationLandscapeRight";
				LD_RUNPATH_SEARCH_PATHS = (
					"$(inherited)",
					"@executable_path/Frameworks",
				);
				MARKETING_VERSION = 1.0;
				PRODUCT_BUNDLE_IDENTIFIER = "piotrzakieta.To-Do";
				PRODUCT_NAME = "$(TARGET_NAME)";
				SWIFT_EMIT_LOC_STRINGS = YES;
				SWIFT_VERSION = 5.0;
				TARGETED_DEVICE_FAMILY = "1,2";
			};
			name = Debug;
		};
		08265513283BB0E60044F61D /* Release */ = {
			isa = XCBuildConfiguration;
			buildSettings = {
				ASSETCATALOG_COMPILER_APPICON_NAME = AppIcon;
				ASSETCATALOG_COMPILER_GLOBAL_ACCENT_COLOR_NAME = AccentColor;
				CODE_SIGN_STYLE = Automatic;
				CURRENT_PROJECT_VERSION = 1;
				DEVELOPMENT_TEAM = BN8865DEPV;
				GENERATE_INFOPLIST_FILE = YES;
				INFOPLIST_FILE = "To-Do/Info.plist";
				INFOPLIST_KEY_UIApplicationSupportsIndirectInputEvents = YES;
				INFOPLIST_KEY_UILaunchStoryboardName = LaunchScreen;
				INFOPLIST_KEY_UIMainStoryboardFile = Main;
				INFOPLIST_KEY_UISupportedInterfaceOrientations_iPad = "UIInterfaceOrientationPortrait UIInterfaceOrientationPortraitUpsideDown UIInterfaceOrientationLandscapeLeft UIInterfaceOrientationLandscapeRight";
				INFOPLIST_KEY_UISupportedInterfaceOrientations_iPhone = "UIInterfaceOrientationPortrait UIInterfaceOrientationLandscapeLeft UIInterfaceOrientationLandscapeRight";
				LD_RUNPATH_SEARCH_PATHS = (
					"$(inherited)",
					"@executable_path/Frameworks",
				);
				MARKETING_VERSION = 1.0;
				PRODUCT_BUNDLE_IDENTIFIER = "piotrzakieta.To-Do";
				PRODUCT_NAME = "$(TARGET_NAME)";
				SWIFT_EMIT_LOC_STRINGS = YES;
				SWIFT_VERSION = 5.0;
				TARGETED_DEVICE_FAMILY = "1,2";
			};
			name = Release;
		};
/* End XCBuildConfiguration section */

/* Begin XCConfigurationList section */
		082654F5283BB0E50044F61D /* Build configuration list for PBXProject "To-Do" */ = {
			isa = XCConfigurationList;
			buildConfigurations = (
				0826550F283BB0E60044F61D /* Debug */,
				08265510283BB0E60044F61D /* Release */,
			);
			defaultConfigurationIsVisible = 0;
			defaultConfigurationName = Release;
		};
		08265511283BB0E60044F61D /* Build configuration list for PBXNativeTarget "To-Do" */ = {
			isa = XCConfigurationList;
			buildConfigurations = (
				08265512283BB0E60044F61D /* Debug */,
				08265513283BB0E60044F61D /* Release */,
			);
			defaultConfigurationIsVisible = 0;
			defaultConfigurationName = Release;
		};
/* End XCConfigurationList section */

/* Begin XCVersionGroup section */
		08265506283BB0E50044F61D /* To_Do.xcdatamodeld */ = {
			isa = XCVersionGroup;
			children = (
				08265507283BB0E50044F61D /* To_Do.xcdatamodel */,
			);
			currentVersion = 08265507283BB0E50044F61D /* To_Do.xcdatamodel */;
			path = To_Do.xcdatamodeld;
			sourceTree = "<group>";
			versionGroupType = wrapper.xcdatamodel;
		};
/* End XCVersionGroup section */
	};
	rootObject = 082654F2283BB0E50044F61D /* Project object */;
}
